
Microsoft Visual Studio Solution File, Format Version 12.00
# Visual Studio Version 16
VisualStudioVersion = 16.0.29102.190
MinimumVisualStudioVersion = 10.0.40219.1
Project("{FAE04EC0-301F-11D3-BF4B-00C04F79EFBC}") = "Track", "Track\Track.csproj", "{2B556348-945F-4C43-BDAA-55C0D23D4144}"
EndProject
Global
	GlobalSection(SolutionConfigurationPlatforms) = preSolution
		Debug|Any CPU = Debug|Any CPU
		Release|Any CPU = Release|Any CPU
	EndGlobalSection
	GlobalSection(ProjectConfigurationPlatforms) = postSolution
		{2B556348-945F-4C43-BDAA-55C0D23D4144}.Debug|Any CPU.ActiveCfg = Debug|Any CPU
		{2B556348-945F-4C43-BDAA-55C0D23D4144}.Debug|Any CPU.Build.0 = Debug|Any CPU
		{2B556348-945F-4C43-BDAA-55C0D23D4144}.Release|Any CPU.ActiveCfg = Release|Any CPU
		{2B556348-945F-4C43-BDAA-55C0D23D4144}.Release|Any CPU.Build.0 = Release|Any CPU
	EndGlobalSection
	GlobalSection(SolutionProperties) = preSolution
		HideSolutionNode = FALSE
	EndGlobalSection
	GlobalSection(ExtensibilityGlobals) = postSolution
		SolutionGuid = {727FB76F-931E-46CE-9F12-042AC0C0C9B3}
	EndGlobalSection
EndGlobal
